
Microsoft Visual Studio Solution File, Format Version 12.00
# Visual Studio Version 17
VisualStudioVersion = 17.11.35219.272
MinimumVisualStudioVersion = 10.0.40219.1
Project("{FAE04EC0-301F-11D3-BF4B-00C04F79EFBC}") = "Serie de numeros", "Serie de numeros.csproj", "{0A884D97-5794-4EDD-A320-BD0E749BC8A8}"
EndProject
Global
	GlobalSection(SolutionConfigurationPlatforms) = preSolution
		Debug|Any CPU = Debug|Any CPU
		Release|Any CPU = Release|Any CPU
	EndGlobalSection
	GlobalSection(ProjectConfigurationPlatforms) = postSolution
		{0A884D97-5794-4EDD-A320-BD0E749BC8A8}.Debug|Any CPU.ActiveCfg = Debug|Any CPU
		{0A884D97-5794-4EDD-A320-BD0E749BC8A8}.Debug|Any CPU.Build.0 = Debug|Any CPU
		{0A884D97-5794-4EDD-A320-BD0E749BC8A8}.Release|Any CPU.ActiveCfg = Release|Any CPU
		{0A884D97-5794-4EDD-A320-BD0E749BC8A8}.Release|Any CPU.Build.0 = Release|Any CPU
	EndGlobalSection
	GlobalSection(SolutionProperties) = preSolution
		HideSolutionNode = FALSE
	EndGlobalSection
	GlobalSection(ExtensibilityGlobals) = postSolution
		SolutionGuid = {50845973-E955-4903-9792-2917CA7B5D04}
	EndGlobalSection
EndGlobal
