
Microsoft Visual Studio Solution File, Format Version 12.00
# Visual Studio Version 17
VisualStudioVersion = 17.6.33815.320
MinimumVisualStudioVersion = 10.0.40219.1
Project("{FAE04EC0-301F-11D3-BF4B-00C04F79EFBC}") = "GestiónInventario", "GestiónInventario.csproj", "{EC2BAB8E-EA9E-4E7A-AFD3-1DE666F6B0D5}"
EndProject
Global
	GlobalSection(SolutionConfigurationPlatforms) = preSolution
		Debug|Any CPU = Debug|Any CPU
		Release|Any CPU = Release|Any CPU
	EndGlobalSection
	GlobalSection(ProjectConfigurationPlatforms) = postSolution
		{EC2BAB8E-EA9E-4E7A-AFD3-1DE666F6B0D5}.Debug|Any CPU.ActiveCfg = Debug|Any CPU
		{EC2BAB8E-EA9E-4E7A-AFD3-1DE666F6B0D5}.Debug|Any CPU.Build.0 = Debug|Any CPU
		{EC2BAB8E-EA9E-4E7A-AFD3-1DE666F6B0D5}.Release|Any CPU.ActiveCfg = Release|Any CPU
		{EC2BAB8E-EA9E-4E7A-AFD3-1DE666F6B0D5}.Release|Any CPU.Build.0 = Release|Any CPU
	EndGlobalSection
	GlobalSection(SolutionProperties) = preSolution
		HideSolutionNode = FALSE
	EndGlobalSection
	GlobalSection(ExtensibilityGlobals) = postSolution
		SolutionGuid = {E53C23D3-DAB9-4E76-8D99-06AF9396FBB7}
	EndGlobalSection
EndGlobal
